
Microsoft Visual Studio Solution File, Format Version 12.00
# Visual Studio 15
VisualStudioVersion = 15.0.27130.2024
MinimumVisualStudioVersion = 10.0.40219.1
Project("{9A19103F-16F7-4668-BE54-9A1E7A4F7556}") = "iShop.Infras.API", "iShop.Web\iShop.Infras.API.csproj", "{B5B20153-D816-4886-B1B8-B9F88C396C39}"
EndProject
Project("{9A19103F-16F7-4668-BE54-9A1E7A4F7556}") = "iShop.Domain.Entities", "iShop.Data\iShop.Domain.Entities.csproj", "{E8A3F29A-02C1-4DAA-9D0A-4181F57A42ED}"
EndProject
Project("{9A19103F-16F7-4668-BE54-9A1E7A4F7556}") = "iShop.Infras.Repository", "iShop.Repository\iShop.Infras.Repository.csproj", "{F583B8A5-C001-4881-8D8D-078D2083E1B3}"
EndProject
Project("{2150E333-8FDC-42A3-9474-1A3956D46DE8}") = "src", "src", "{CD0AAD7D-ACDF-4DFF-B2A5-718873C2409C}"
EndProject
Project("{2150E333-8FDC-42A3-9474-1A3956D46DE8}") = "Server", "Server", "{AFD082E9-214E-449B-B141-CEB6855EAE77}"
EndProject
Project("{2150E333-8FDC-42A3-9474-1A3956D46DE8}") = "01-Domain", "01-Domain", "{E9606DBC-09F7-4D18-8C18-E4A52697AAC6}"
EndProject
Project("{2150E333-8FDC-42A3-9474-1A3956D46DE8}") = "02-Service", "02-Service", "{14327F9E-9F0A-49B6-A986-A231528686BC}"
EndProject
Project("{2150E333-8FDC-42A3-9474-1A3956D46DE8}") = "Infrastructure", "Infrastructure", "{3F349F91-C27A-4F0F-8773-609A8913A605}"
EndProject
Project("{2150E333-8FDC-42A3-9474-1A3956D46DE8}") = "Persistent", "Persistent", "{4DF5BEAD-79E7-46A0-AF9D-8C9DCE56C2C8}"
EndProject
Project("{FAE04EC0-301F-11D3-BF4B-00C04F79EFBC}") = "iShop.Service.Contracts", "iShop.Service.Contracts\iShop.Service.Contracts.csproj", "{3370A785-D889-4531-8410-40928170D9BF}"
EndProject
Project("{FAE04EC0-301F-11D3-BF4B-00C04F79EFBC}") = "iShop.Service.Commons", "iShop.Service.Commons\iShop.Service.Commons.csproj", "{1BC848A6-C02B-472D-BDF1-0A2640085D9F}"
EndProject
Project("{2150E333-8FDC-42A3-9474-1A3956D46DE8}") = "API", "API", "{A0B14AE2-C819-4E78-8DE0-4AEE70F1643F}"
EndProject
Global
	GlobalSection(SolutionConfigurationPlatforms) = preSolution
		Debug|Any CPU = Debug|Any CPU
		Release|Any CPU = Release|Any CPU
	EndGlobalSection
	GlobalSection(ProjectConfigurationPlatforms) = postSolution
		{B5B20153-D816-4886-B1B8-B9F88C396C39}.Debug|Any CPU.ActiveCfg = Debug|Any CPU
		{B5B20153-D816-4886-B1B8-B9F88C396C39}.Debug|Any CPU.Build.0 = Debug|Any CPU
		{B5B20153-D816-4886-B1B8-B9F88C396C39}.Release|Any CPU.ActiveCfg = Release|Any CPU
		{B5B20153-D816-4886-B1B8-B9F88C396C39}.Release|Any CPU.Build.0 = Release|Any CPU
		{E8A3F29A-02C1-4DAA-9D0A-4181F57A42ED}.Debug|Any CPU.ActiveCfg = Debug|Any CPU
		{E8A3F29A-02C1-4DAA-9D0A-4181F57A42ED}.Debug|Any CPU.Build.0 = Debug|Any CPU
		{E8A3F29A-02C1-4DAA-9D0A-4181F57A42ED}.Release|Any CPU.ActiveCfg = Release|Any CPU
		{E8A3F29A-02C1-4DAA-9D0A-4181F57A42ED}.Release|Any CPU.Build.0 = Release|Any CPU
		{F583B8A5-C001-4881-8D8D-078D2083E1B3}.Debug|Any CPU.ActiveCfg = Debug|Any CPU
		{F583B8A5-C001-4881-8D8D-078D2083E1B3}.Debug|Any CPU.Build.0 = Debug|Any CPU
		{F583B8A5-C001-4881-8D8D-078D2083E1B3}.Release|Any CPU.ActiveCfg = Release|Any CPU
		{F583B8A5-C001-4881-8D8D-078D2083E1B3}.Release|Any CPU.Build.0 = Release|Any CPU
		{3370A785-D889-4531-8410-40928170D9BF}.Debug|Any CPU.ActiveCfg = Debug|Any CPU
		{3370A785-D889-4531-8410-40928170D9BF}.Debug|Any CPU.Build.0 = Debug|Any CPU
		{3370A785-D889-4531-8410-40928170D9BF}.Release|Any CPU.ActiveCfg = Release|Any CPU
		{3370A785-D889-4531-8410-40928170D9BF}.Release|Any CPU.Build.0 = Release|Any CPU
		{1BC848A6-C02B-472D-BDF1-0A2640085D9F}.Debug|Any CPU.ActiveCfg = Debug|Any CPU
		{1BC848A6-C02B-472D-BDF1-0A2640085D9F}.Debug|Any CPU.Build.0 = Debug|Any CPU
		{1BC848A6-C02B-472D-BDF1-0A2640085D9F}.Release|Any CPU.ActiveCfg = Release|Any CPU
		{1BC848A6-C02B-472D-BDF1-0A2640085D9F}.Release|Any CPU.Build.0 = Release|Any CPU
	EndGlobalSection
	GlobalSection(SolutionProperties) = preSolution
		HideSolutionNode = FALSE
	EndGlobalSection
	GlobalSection(NestedProjects) = preSolution
		{B5B20153-D816-4886-B1B8-B9F88C396C39} = {A0B14AE2-C819-4E78-8DE0-4AEE70F1643F}
		{E8A3F29A-02C1-4DAA-9D0A-4181F57A42ED} = {E9606DBC-09F7-4D18-8C18-E4A52697AAC6}
		{F583B8A5-C001-4881-8D8D-078D2083E1B3} = {4DF5BEAD-79E7-46A0-AF9D-8C9DCE56C2C8}
		{AFD082E9-214E-449B-B141-CEB6855EAE77} = {CD0AAD7D-ACDF-4DFF-B2A5-718873C2409C}
		{E9606DBC-09F7-4D18-8C18-E4A52697AAC6} = {AFD082E9-214E-449B-B141-CEB6855EAE77}
		{14327F9E-9F0A-49B6-A986-A231528686BC} = {AFD082E9-214E-449B-B141-CEB6855EAE77}
		{3F349F91-C27A-4F0F-8773-609A8913A605} = {AFD082E9-214E-449B-B141-CEB6855EAE77}
		{4DF5BEAD-79E7-46A0-AF9D-8C9DCE56C2C8} = {3F349F91-C27A-4F0F-8773-609A8913A605}
		{3370A785-D889-4531-8410-40928170D9BF} = {14327F9E-9F0A-49B6-A986-A231528686BC}
		{1BC848A6-C02B-472D-BDF1-0A2640085D9F} = {14327F9E-9F0A-49B6-A986-A231528686BC}
		{A0B14AE2-C819-4E78-8DE0-4AEE70F1643F} = {3F349F91-C27A-4F0F-8773-609A8913A605}
	EndGlobalSection
	GlobalSection(ExtensibilityGlobals) = postSolution
		SolutionGuid = {DDEA03C3-C97F-4279-86CC-A19245B04E63}
	EndGlobalSection
EndGlobal
